
Microsoft Visual Studio Solution File, Format Version 12.00
# Visual Studio 14
VisualStudioVersion = 14.0.23107.0
MinimumVisualStudioVersion = 10.0.40219.1
Project("{FAE04EC0-301F-11D3-BF4B-00C04F79EFBC}") = "SB.Test.Unit", "SB.Test.Unit\SB.Test.Unit.csproj", "{5E604EFE-C798-4FAF-BF91-8AE330BD75FE}"
EndProject
Project("{FAE04EC0-301F-11D3-BF4B-00C04F79EFBC}") = "SB.Domain", "SB.Domain\SB.Domain.csproj", "{9602981C-399A-4C00-8806-DE9859B8956E}"
EndProject
Project("{8BB2217D-0F2D-49D1-97BC-3654ED321F3B}") = "SB.UI.Web", "SB.UI.Web\SB.UI.Web.xproj", "{243D7AF5-FD9F-438B-800E-5DD9F4C08275}"
EndProject
Global
	GlobalSection(SolutionConfigurationPlatforms) = preSolution
		Debug|Any CPU = Debug|Any CPU
		Release|Any CPU = Release|Any CPU
	EndGlobalSection
	GlobalSection(ProjectConfigurationPlatforms) = postSolution
		{5E604EFE-C798-4FAF-BF91-8AE330BD75FE}.Debug|Any CPU.ActiveCfg = Debug|Any CPU
		{5E604EFE-C798-4FAF-BF91-8AE330BD75FE}.Debug|Any CPU.Build.0 = Debug|Any CPU
		{5E604EFE-C798-4FAF-BF91-8AE330BD75FE}.Release|Any CPU.ActiveCfg = Release|Any CPU
		{5E604EFE-C798-4FAF-BF91-8AE330BD75FE}.Release|Any CPU.Build.0 = Release|Any CPU
		{9602981C-399A-4C00-8806-DE9859B8956E}.Debug|Any CPU.ActiveCfg = Debug|Any CPU
		{9602981C-399A-4C00-8806-DE9859B8956E}.Debug|Any CPU.Build.0 = Debug|Any CPU
		{9602981C-399A-4C00-8806-DE9859B8956E}.Release|Any CPU.ActiveCfg = Release|Any CPU
		{9602981C-399A-4C00-8806-DE9859B8956E}.Release|Any CPU.Build.0 = Release|Any CPU
		{243D7AF5-FD9F-438B-800E-5DD9F4C08275}.Debug|Any CPU.ActiveCfg = Debug|Any CPU
		{243D7AF5-FD9F-438B-800E-5DD9F4C08275}.Debug|Any CPU.Build.0 = Debug|Any CPU
		{243D7AF5-FD9F-438B-800E-5DD9F4C08275}.Release|Any CPU.ActiveCfg = Release|Any CPU
		{243D7AF5-FD9F-438B-800E-5DD9F4C08275}.Release|Any CPU.Build.0 = Release|Any CPU
	EndGlobalSection
	GlobalSection(SolutionProperties) = preSolution
		HideSolutionNode = FALSE
	EndGlobalSection
EndGlobal
