
Microsoft Visual Studio Solution File, Format Version 12.00
# Visual Studio 14
VisualStudioVersion = 14.0.24720.0
MinimumVisualStudioVersion = 10.0.40219.1
Project("{FAE04EC0-301F-11D3-BF4B-00C04F79EFBC}") = "ScrumBoard.Test.Unit", "ScrumBoard.Test.Unit\ScrumBoard.Test.Unit.csproj", "{5E604EFE-C798-4FAF-BF91-8AE330BD75FE}"
EndProject
Project("{FAE04EC0-301F-11D3-BF4B-00C04F79EFBC}") = "ScrumBoard.Domain", "ScrumBoard.Domain\ScrumBoard.Domain.csproj", "{9602981C-399A-4C00-8806-DE9859B8956E}"
EndProject
Project("{FAE04EC0-301F-11D3-BF4B-00C04F79EFBC}") = "ScrumBoard.UI.MVC", "ScrumBoard.UI.Web\ScrumBoard.UI.MVC.csproj", "{A2F770CA-51BD-455D-92D6-3C3511125821}"
EndProject
Project("{FAE04EC0-301F-11D3-BF4B-00C04F79EFBC}") = "ScrumBoard.DAL", "ScrumBoard.DAL\ScrumBoard.DAL.csproj", "{D7F58FEA-879E-4F97-81E7-275E719F746A}"
EndProject
Project("{2150E333-8FDC-42A3-9474-1A3956D46DE8}") = "0 - Presentation", "0 - Presentation", "{4A7780B0-7D40-43C1-8DAE-66C41C2E5FF5}"
EndProject
Project("{2150E333-8FDC-42A3-9474-1A3956D46DE8}") = "1 - Services", "1 - Services", "{FBB9DEE0-D302-44AD-B5D3-0C3E321AA122}"
EndProject
Project("{2150E333-8FDC-42A3-9474-1A3956D46DE8}") = "2 - Application", "2 - Application", "{2719FC9B-6947-4F61-875C-3956ED62D9D2}"
EndProject
Project("{2150E333-8FDC-42A3-9474-1A3956D46DE8}") = "3 - Domain", "3 - Domain", "{7F6F9092-C9A2-4822-9DFC-76BBB3F9EBDB}"
EndProject
Project("{2150E333-8FDC-42A3-9474-1A3956D46DE8}") = "4 - Infra", "4 - Infra", "{55D50941-1A05-4F38-BD29-342EEE078E76}"
EndProject
Project("{2150E333-8FDC-42A3-9474-1A3956D46DE8}") = "4.1 - Data", "4.1 - Data", "{A6EBC946-0134-4523-8194-0CBA1B54DF90}"
EndProject
Project("{2150E333-8FDC-42A3-9474-1A3956D46DE8}") = "4.2 - CrossCutting", "4.2 - CrossCutting", "{8FBCA66C-4E06-496F-ABA0-FAFF4B0044A3}"
EndProject
Global
	GlobalSection(SolutionConfigurationPlatforms) = preSolution
		Debug|Any CPU = Debug|Any CPU
		Release|Any CPU = Release|Any CPU
	EndGlobalSection
	GlobalSection(ProjectConfigurationPlatforms) = postSolution
		{5E604EFE-C798-4FAF-BF91-8AE330BD75FE}.Debug|Any CPU.ActiveCfg = Debug|Any CPU
		{5E604EFE-C798-4FAF-BF91-8AE330BD75FE}.Debug|Any CPU.Build.0 = Debug|Any CPU
		{5E604EFE-C798-4FAF-BF91-8AE330BD75FE}.Release|Any CPU.ActiveCfg = Release|Any CPU
		{5E604EFE-C798-4FAF-BF91-8AE330BD75FE}.Release|Any CPU.Build.0 = Release|Any CPU
		{9602981C-399A-4C00-8806-DE9859B8956E}.Debug|Any CPU.ActiveCfg = Debug|Any CPU
		{9602981C-399A-4C00-8806-DE9859B8956E}.Debug|Any CPU.Build.0 = Debug|Any CPU
		{9602981C-399A-4C00-8806-DE9859B8956E}.Release|Any CPU.ActiveCfg = Release|Any CPU
		{9602981C-399A-4C00-8806-DE9859B8956E}.Release|Any CPU.Build.0 = Release|Any CPU
		{A2F770CA-51BD-455D-92D6-3C3511125821}.Debug|Any CPU.ActiveCfg = Debug|Any CPU
		{A2F770CA-51BD-455D-92D6-3C3511125821}.Debug|Any CPU.Build.0 = Debug|Any CPU
		{A2F770CA-51BD-455D-92D6-3C3511125821}.Release|Any CPU.ActiveCfg = Release|Any CPU
		{A2F770CA-51BD-455D-92D6-3C3511125821}.Release|Any CPU.Build.0 = Release|Any CPU
		{D7F58FEA-879E-4F97-81E7-275E719F746A}.Debug|Any CPU.ActiveCfg = Debug|Any CPU
		{D7F58FEA-879E-4F97-81E7-275E719F746A}.Debug|Any CPU.Build.0 = Debug|Any CPU
		{D7F58FEA-879E-4F97-81E7-275E719F746A}.Release|Any CPU.ActiveCfg = Release|Any CPU
		{D7F58FEA-879E-4F97-81E7-275E719F746A}.Release|Any CPU.Build.0 = Release|Any CPU
	EndGlobalSection
	GlobalSection(SolutionProperties) = preSolution
		HideSolutionNode = FALSE
	EndGlobalSection
	GlobalSection(NestedProjects) = preSolution
		{5E604EFE-C798-4FAF-BF91-8AE330BD75FE} = {4A7780B0-7D40-43C1-8DAE-66C41C2E5FF5}
		{9602981C-399A-4C00-8806-DE9859B8956E} = {7F6F9092-C9A2-4822-9DFC-76BBB3F9EBDB}
		{A2F770CA-51BD-455D-92D6-3C3511125821} = {4A7780B0-7D40-43C1-8DAE-66C41C2E5FF5}
		{D7F58FEA-879E-4F97-81E7-275E719F746A} = {A6EBC946-0134-4523-8194-0CBA1B54DF90}
		{A6EBC946-0134-4523-8194-0CBA1B54DF90} = {55D50941-1A05-4F38-BD29-342EEE078E76}
		{8FBCA66C-4E06-496F-ABA0-FAFF4B0044A3} = {55D50941-1A05-4F38-BD29-342EEE078E76}
	EndGlobalSection
EndGlobal
